{
  "nodes": {
    "flake-utils": {
      "inputs": {
        "systems": "systems"
      },
      "locked": {
        "lastModified": 1731533236,
        "narHash": "sha256-l0KFg5HjrsfsO/JpG+r7fRrqm12kzFHyUHqHCVpMMbI=",
        "owner": "numtide",
        "repo": "flake-utils",
        "rev": "11707dc2f618dd54ca8739b309ec4fc024de578b",
        "type": "github"
      },
      "original": {
        "owner": "numtide",
        "repo": "flake-utils",
        "type": "github"
      }
    },
    "nixpkgs": {
      "locked": {
        "lastModified": 1732329942,
        "narHash": "sha256-WZsE/lfQ6QFL1d0K0tnatv4U42blCm60LXV2MpjaY20=",
        "rev": "405ca413eab3f43c2fc0a3d1e5101aa0d7c7fdd0",
        "type": "tarball",
        "url": "https://git.tatikoma.dev/api/v1/repos/corpix/nixpkgs/archive/405ca413eab3f43c2fc0a3d1e5101aa0d7c7fdd0.tar.gz"
      },
      "original": {
        "type": "tarball",
        "url": "https://git.tatikoma.dev/corpix/nixpkgs/archive/v2024-11-25.711486.tar.gz"
      }
    },
    "root": {
      "inputs": {
        "flake-utils": "flake-utils",
        "nixpkgs": "nixpkgs"
      }
    },
    "systems": {
      "locked": {
        "lastModified": 1681028828,
        "narHash": "sha256-Vy1rq5AaRuLzOxct8nz4T6wlgyUR7zLU309k9mBC768=",
        "owner": "nix-systems",
        "repo": "default",
        "rev": "da67096a3b9bf56a91d16901293e51ba5b49a27e",
        "type": "github"
      },
      "original": {
        "owner": "nix-systems",
        "repo": "default",
        "type": "github"
      }
    }
  },
  "root": "root",
  "version": 7
}
